// !$*UTF8*$!
{
	archiveVersion = 1;
	classes = {
	};
	objectVersion = 46;
	objects = {

/* Begin PBXBuildFile section */
		D822737C1B4244BC002BB2AE /* main.m in Sources */ = {isa = PBXBuildFile; fileRef = D822737B1B4244BC002BB2AE /* main.m */; };
		D822737F1B4244BC002BB2AE /* AppDelegate.m in Sources */ = {isa = PBXBuildFile; fileRef = D822737E1B4244BC002BB2AE /* AppDelegate.m */; };
		D82273821B4244BC002BB2AE /* ViewController.m in Sources */ = {isa = PBXBuildFile; fileRef = D82273811B4244BC002BB2AE /* ViewController.m */; };
		D82273851B4244BC002BB2AE /* Main.storyboard in Resources */ = {isa = PBXBuildFile; fileRef = D82273831B4244BC002BB2AE /* Main.storyboard */; };
		D82273871B4244BC002BB2AE /* Images.xcassets in Resources */ = {isa = PBXBuildFile; fileRef = D82273861B4244BC002BB2AE /* Images.xcassets */; };
		D822738A1B4244BC002BB2AE /* LaunchScreen.xib in Resources */ = {isa = PBXBuildFile; fileRef = D82273881B4244BC002BB2AE /* LaunchScreen.xib */; };
		D82273961B4244BD002BB2AE /* PrintZigZagTests.m in Sources */ = {isa = PBXBuildFile; fileRef = D82273951B4244BD002BB2AE /* PrintZigZagTests.m */; };
		D8FB04BB1B428E7D00318534 /* screenshot.png in Resources */ = {isa = PBXBuildFile; fileRef = D8FB04BA1B428E7D00318534 /* screenshot.png */; };
/* End PBXBuildFile section */

/* Begin PBXContainerItemProxy section */
		D82273901B4244BD002BB2AE /* PBXContainerItemProxy */ = {
			isa = PBXContainerItemProxy;
			containerPortal = D822736E1B4244BC002BB2AE /* Project object */;
			proxyType = 1;
			remoteGlobalIDString = D82273751B4244BC002BB2AE;
			remoteInfo = PrintZigZag;
		};
/* End PBXContainerItemProxy section */

/* Begin PBXFileReference section */
		D82273761B4244BC002BB2AE /* PrintZigZag.app */ = {isa = PBXFileReference; explicitFileType = wrapper.application; includeInIndex = 0; path = PrintZigZag.app; sourceTree = BUILT_PRODUCTS_DIR; };
		D822737A1B4244BC002BB2AE /* Info.plist */ = {isa = PBXFileReference; lastKnownFileType = text.plist.xml; path = Info.plist; sourceTree = "<group>"; };
		D822737B1B4244BC002BB2AE /* main.m */ = {isa = PBXFileReference; lastKnownFileType = sourcecode.c.objc; path = main.m; sourceTree = "<group>"; };
		D822737D1B4244BC002BB2AE /* AppDelegate.h */ = {isa = PBXFileReference; lastKnownFileType = sourcecode.c.h; path = AppDelegate.h; sourceTree = "<group>"; };
		D822737E1B4244BC002BB2AE /* AppDelegate.m */ = {isa = PBXFileReference; lastKnownFileType = sourcecode.c.objc; path = AppDelegate.m; sourceTree = "<group>"; };
		D82273801B4244BC002BB2AE /* ViewController.h */ = {isa = PBXFileReference; lastKnownFileType = sourcecode.c.h; path = ViewController.h; sourceTree = "<group>"; };
		D82273811B4244BC002BB2AE /* ViewController.m */ = {isa = PBXFileReference; lastKnownFileType = sourcecode.c.objc; path = ViewController.m; sourceTree = "<group>"; };
		D82273841B4244BC002BB2AE /* Base */ = {isa = PBXFileReference; lastKnownFileType = file.storyboard; name = Base; path = Base.lproj/Main.storyboard; sourceTree = "<group>"; };
		D82273861B4244BC002BB2AE /* Images.xcassets */ = {isa = PBXFileReference; lastKnownFileType = folder.assetcatalog; path = Images.xcassets; sourceTree = "<group>"; };
		D82273891B4244BC002BB2AE /* Base */ = {isa = PBXFileReference; lastKnownFileType = file.xib; name = Base; path = Base.lproj/LaunchScreen.xib; sourceTree = "<group>"; };
		D822738F1B4244BD002BB2AE /* PrintZigZagTests.xctest */ = {isa = PBXFileReference; explicitFileType = wrapper.cfbundle; includeInIndex = 0; path = PrintZigZagTests.xctest; sourceTree = BUILT_PRODUCTS_DIR; };
		D82273941B4244BD002BB2AE /* Info.plist */ = {isa = PBXFileReference; lastKnownFileType = text.plist.xml; path = Info.plist; sourceTree = "<group>"; };
		D82273951B4244BD002BB2AE /* PrintZigZagTests.m */ = {isa = PBXFileReference; lastKnownFileType = sourcecode.c.objc; path = PrintZigZagTests.m; sourceTree = "<group>"; };
		D8FB04BA1B428E7D00318534 /* screenshot.png */ = {isa = PBXFileReference; lastKnownFileType = image.png; path = screenshot.png; sourceTree = "<group>"; };
/* End PBXFileReference section */

/* Begin PBXFrameworksBuildPhase section */
		D82273731B4244BC002BB2AE /* Frameworks */ = {
			isa = PBXFrameworksBuildPhase;
			buildActionMask = 2147483647;
			files = (
			);
			runOnlyForDeploymentPostprocessing = 0;
		};
		D822738C1B4244BD002BB2AE /* Frameworks */ = {
			isa = PBXFrameworksBuildPhase;
			buildActionMask = 2147483647;
			files = (
			);
			runOnlyForDeploymentPostprocessing = 0;
		};
/* End PBXFrameworksBuildPhase section */

/* Begin PBXGroup section */
		D822736D1B4244BC002BB2AE = {
			isa = PBXGroup;
			children = (
				D82273781B4244BC002BB2AE /* PrintZigZag */,
				D82273921B4244BD002BB2AE /* PrintZigZagTests */,
				D82273771B4244BC002BB2AE /* Products */,
			);
			sourceTree = "<group>";
		};
		D82273771B4244BC002BB2AE /* Products */ = {
			isa = PBXGroup;
			children = (
				D82273761B4244BC002BB2AE /* PrintZigZag.app */,
				D822738F1B4244BD002BB2AE /* PrintZigZagTests.xctest */,
			);
			name = Products;
			sourceTree = "<group>";
		};
		D82273781B4244BC002BB2AE /* PrintZigZag */ = {
			isa = PBXGroup;
			children = (
				D822737D1B4244BC002BB2AE /* AppDelegate.h */,
				D822737E1B4244BC002BB2AE /* AppDelegate.m */,
				D82273801B4244BC002BB2AE /* ViewController.h */,
				D82273811B4244BC002BB2AE /* ViewController.m */,
				D82273831B4244BC002BB2AE /* Main.storyboard */,
				D8FB04BA1B428E7D00318534 /* screenshot.png */,
				D82273861B4244BC002BB2AE /* Images.xcassets */,
				D82273881B4244BC002BB2AE /* LaunchScreen.xib */,
				D82273791B4244BC002BB2AE /* Supporting Files */,
			);
			path = PrintZigZag;
			sourceTree = "<group>";
		};
		D82273791B4244BC002BB2AE /* Supporting Files */ = {
			isa = PBXGroup;
			children = (
				D822737A1B4244BC002BB2AE /* Info.plist */,
				D822737B1B4244BC002BB2AE /* main.m */,
			);
			name = "Supporting Files";
			sourceTree = "<group>";
		};
		D82273921B4244BD002BB2AE /* PrintZigZagTests */ = {
			isa = PBXGroup;
			children = (
				D82273951B4244BD002BB2AE /* PrintZigZagTests.m */,
				D82273931B4244BD002BB2AE /* Supporting Files */,
			);
			path = PrintZigZagTests;
			sourceTree = "<group>";
		};
		D82273931B4244BD002BB2AE /* Supporting Files */ = {
			isa = PBXGroup;
			children = (
				D82273941B4244BD002BB2AE /* Info.plist */,
			);
			name = "Supporting Files";
			sourceTree = "<group>";
		};
/* End PBXGroup section */

/* Begin PBXNativeTarget section */
		D82273751B4244BC002BB2AE /* PrintZigZag */ = {
			isa = PBXNativeTarget;
			buildConfigurationList = D82273991B4244BD002BB2AE /* Build configuration list for PBXNativeTarget "PrintZigZag" */;
			buildPhases = (
				D82273721B4244BC002BB2AE /* Sources */,
				D82273731B4244BC002BB2AE /* Frameworks */,
				D82273741B4244BC002BB2AE /* Resources */,
			);
			buildRules = (
			);
			dependencies = (
			);
			name = PrintZigZag;
			productName = PrintZigZag;
			productReference = D82273761B4244BC002BB2AE /* PrintZigZag.app */;
			productType = "com.apple.product-type.application";
		};
		D822738E1B4244BD002BB2AE /* PrintZigZagTests */ = {
			isa = PBXNativeTarget;
			buildConfigurationList = D822739C1B4244BD002BB2AE /* Build configuration list for PBXNativeTarget "PrintZigZagTests" */;
			buildPhases = (
				D822738B1B4244BD002BB2AE /* Sources */,
				D822738C1B4244BD002BB2AE /* Frameworks */,
				D822738D1B4244BD002BB2AE /* Resources */,
			);
			buildRules = (
			);
			dependencies = (
				D82273911B4244BD002BB2AE /* PBXTargetDependency */,
			);
			name = PrintZigZagTests;
			productName = PrintZigZagTests;
			productReference = D822738F1B4244BD002BB2AE /* PrintZigZagTests.xctest */;
			productType = "com.apple.product-type.bundle.unit-test";
		};
/* End PBXNativeTarget section */

/* Begin PBXProject section */
		D822736E1B4244BC002BB2AE /* Project object */ = {
			isa = PBXProject;
			attributes = {
				LastUpgradeCheck = 0630;
				ORGANIZATIONNAME = iPOS;
				TargetAttributes = {
					D82273751B4244BC002BB2AE = {
						CreatedOnToolsVersion = 6.3.2;
					};
					D822738E1B4244BD002BB2AE = {
						CreatedOnToolsVersion = 6.3.2;
						TestTargetID = D82273751B4244BC002BB2AE;
					};
				};
			};
			buildConfigurationList = D82273711B4244BC002BB2AE /* Build configuration list for PBXProject "PrintZigZag" */;
			compatibilityVersion = "Xcode 3.2";
			developmentRegion = English;
			hasScannedForEncodings = 0;
			knownRegions = (
				en,
				Base,
			);
			mainGroup = D822736D1B4244BC002BB2AE;
			productRefGroup = D82273771B4244BC002BB2AE /* Products */;
			projectDirPath = "";
			projectRoot = "";
			targets = (
				D82273751B4244BC002BB2AE /* PrintZigZag */,
				D822738E1B4244BD002BB2AE /* PrintZigZagTests */,
			);
		};
/* End PBXProject section */

/* Begin PBXResourcesBuildPhase section */
		D82273741B4244BC002BB2AE /* Resources */ = {
			isa = PBXResourcesBuildPhase;
			buildActionMask = 2147483647;
			files = (
				D82273851B4244BC002BB2AE /* Main.storyboard in Resources */,
				D822738A1B4244BC002BB2AE /* LaunchScreen.xib in Resources */,
				D82273871B4244BC002BB2AE /* Images.xcassets in Resources */,
				D8FB04BB1B428E7D00318534 /* screenshot.png in Resources */,
			);
			runOnlyForDeploymentPostprocessing = 0;
		};
		D822738D1B4244BD002BB2AE /* Resources */ = {
			isa = PBXResourcesBuildPhase;
			buildActionMask = 2147483647;
			files = (
			);
			runOnlyForDeploymentPostprocessing = 0;
		};
/* End PBXResourcesBuildPhase section */

/* Begin PBXSourcesBuildPhase section */
		D82273721B4244BC002BB2AE /* Sources */ = {
			isa = PBXSourcesBuildPhase;
			buildActionMask = 2147483647;
			files = (
				D82273821B4244BC002BB2AE /* ViewController.m in Sources */,
				D822737F1B4244BC002BB2AE /* AppDelegate.m in Sources */,
				D822737C1B4244BC002BB2AE /* main.m in Sources */,
			);
			runOnlyForDeploymentPostprocessing = 0;
		};
		D822738B1B4244BD002BB2AE /* Sources */ = {
			isa = PBXSourcesBuildPhase;
			buildActionMask = 2147483647;
			files = (
				D82273961B4244BD002BB2AE /* PrintZigZagTests.m in Sources */,
			);
			runOnlyForDeploymentPostprocessing = 0;
		};
/* End PBXSourcesBuildPhase section */

/* Begin PBXTargetDependency section */
		D82273911B4244BD002BB2AE /* PBXTargetDependency */ = {
			isa = PBXTargetDependency;
			target = D82273751B4244BC002BB2AE /* PrintZigZag */;
			targetProxy = D82273901B4244BD002BB2AE /* PBXContainerItemProxy */;
		};
/* End PBXTargetDependency section */

/* Begin PBXVariantGroup section */
		D82273831B4244BC002BB2AE /* Main.storyboard */ = {
			isa = PBXVariantGroup;
			children = (
				D82273841B4244BC002BB2AE /* Base */,
			);
			name = Main.storyboard;
			sourceTree = "<group>";
		};
		D82273881B4244BC002BB2AE /* LaunchScreen.xib */ = {
			isa = PBXVariantGroup;
			children = (
				D82273891B4244BC002BB2AE /* Base */,
			);
			name = LaunchScreen.xib;
			sourceTree = "<group>";
		};
/* End PBXVariantGroup section */

/* Begin XCBuildConfiguration section */
		D82273971B4244BD002BB2AE /* Debug */ = {
			isa = XCBuildConfiguration;
			buildSettings = {
				ALWAYS_SEARCH_USER_PATHS = NO;
				CLANG_CXX_LANGUAGE_STANDARD = "gnu++0x";
				CLANG_CXX_LIBRARY = "libc++";
				CLANG_ENABLE_MODULES = YES;
				CLANG_ENABLE_OBJC_ARC = YES;
				CLANG_WARN_BOOL_CONVERSION = YES;
				CLANG_WARN_CONSTANT_CONVERSION = YES;
				CLANG_WARN_DIRECT_OBJC_ISA_USAGE = YES_ERROR;
				CLANG_WARN_EMPTY_BODY = YES;
				CLANG_WARN_ENUM_CONVERSION = YES;
				CLANG_WARN_INT_CONVERSION = YES;
				CLANG_WARN_OBJC_ROOT_CLASS = YES_ERROR;
				CLANG_WARN_UNREACHABLE_CODE = YES;
				CLANG_WARN__DUPLICATE_METHOD_MATCH = YES;
				"CODE_SIGN_IDENTITY[sdk=iphoneos*]" = "iPhone Developer";
				COPY_PHASE_STRIP = NO;
				DEBUG_INFORMATION_FORMAT = "dwarf-with-dsym";
				ENABLE_STRICT_OBJC_MSGSEND = YES;
				GCC_C_LANGUAGE_STANDARD = gnu99;
				GCC_DYNAMIC_NO_PIC = NO;
				GCC_NO_COMMON_BLOCKS = YES;
				GCC_OPTIMIZATION_LEVEL = 0;
				GCC_PREPROCESSOR_DEFINITIONS = (
					"DEBUG=1",
					"$(inherited)",
				);
				GCC_SYMBOLS_PRIVATE_EXTERN = NO;
				GCC_WARN_64_TO_32_BIT_CONVERSION = YES;
				GCC_WARN_ABOUT_RETURN_TYPE = YES_ERROR;
				GCC_WARN_UNDECLARED_SELECTOR = YES;
				GCC_WARN_UNINITIALIZED_AUTOS = YES_AGGRESSIVE;
				GCC_WARN_UNUSED_FUNCTION = YES;
				GCC_WARN_UNUSED_VARIABLE = YES;
				IPHONEOS_DEPLOYMENT_TARGET = 8.3;
				MTL_ENABLE_DEBUG_INFO = YES;
				ONLY_ACTIVE_ARCH = YES;
				SDKROOT = iphoneos;
			};
			name = Debug;
		};
		D82273981B4244BD002BB2AE /* Release */ = {
			isa = XCBuildConfiguration;
			buildSettings = {
				ALWAYS_SEARCH_USER_PATHS = NO;
				CLANG_CXX_LANGUAGE_STANDARD = "gnu++0x";
				CLANG_CXX_LIBRARY = "libc++";
				CLANG_ENABLE_MODULES = YES;
				CLANG_ENABLE_OBJC_ARC = YES;
				CLANG_WARN_BOOL_CONVERSION = YES;
				CLANG_WARN_CONSTANT_CONVERSION = YES;
				CLANG_WARN_DIRECT_OBJC_ISA_USAGE = YES_ERROR;
				CLANG_WARN_EMPTY_BODY = YES;
				CLANG_WARN_ENUM_CONVERSION = YES;
				CLANG_WARN_INT_CONVERSION = YES;
				CLANG_WARN_OBJC_ROOT_CLASS = YES_ERROR;
				CLANG_WARN_UNREACHABLE_CODE = YES;
				CLANG_WARN__DUPLICATE_METHOD_MATCH = YES;
				"CODE_SIGN_IDENTITY[sdk=iphoneos*]" = "iPhone Developer";
				COPY_PHASE_STRIP = NO;
				DEBUG_INFORMATION_FORMAT = "dwarf-with-dsym";
				ENABLE_NS_ASSERTIONS = NO;
				ENABLE_STRICT_OBJC_MSGSEND = YES;
				GCC_C_LANGUAGE_STANDARD = gnu99;
				GCC_NO_COMMON_BLOCKS = YES;
				GCC_WARN_64_TO_32_BIT_CONVERSION = YES;
				GCC_WARN_ABOUT_RETURN_TYPE = YES_ERROR;
				GCC_WARN_UNDECLARED_SELECTOR = YES;
				GCC_WARN_UNINITIALIZED_AUTOS = YES_AGGRESSIVE;
				GCC_WARN_UNUSED_FUNCTION = YES;
				GCC_WARN_UNUSED_VARIABLE = YES;
				IPHONEOS_DEPLOYMENT_TARGET = 8.3;
				MTL_ENABLE_DEBUG_INFO = NO;
				SDKROOT = iphoneos;
				VALIDATE_PRODUCT = YES;
			};
			name = Release;
		};
		D822739A1B4244BD002BB2AE /* Debug */ = {
			isa = XCBuildConfiguration;
			buildSettings = {
				ASSETCATALOG_COMPILER_APPICON_NAME = AppIcon;
				INFOPLIST_FILE = PrintZigZag/Info.plist;
				LD_RUNPATH_SEARCH_PATHS = "$(inherited) @executable_path/Frameworks";
				PRODUCT_NAME = "$(TARGET_NAME)";
			};
			name = Debug;
		};
		D822739B1B4244BD002BB2AE /* Release */ = {
			isa = XCBuildConfiguration;
			buildSettings = {
				ASSETCATALOG_COMPILER_APPICON_NAME = AppIcon;
				INFOPLIST_FILE = PrintZigZag/Info.plist;
				LD_RUNPATH_SEARCH_PATHS = "$(inherited) @executable_path/Frameworks";
				PRODUCT_NAME = "$(TARGET_NAME)";
			};
			name = Release;
		};
		D822739D1B4244BD002BB2AE /* Debug */ = {
			isa = XCBuildConfiguration;
			buildSettings = {
				BUNDLE_LOADER = "$(TEST_HOST)";
				FRAMEWORK_SEARCH_PATHS = (
					"$(SDKROOT)/Developer/Library/Frameworks",
					"$(inherited)",
				);
				GCC_PREPROCESSOR_DEFINITIONS = (
					"DEBUG=1",
					"$(inherited)",
				);
				INFOPLIST_FILE = PrintZigZagTests/Info.plist;
				LD_RUNPATH_SEARCH_PATHS = "$(inherited) @executable_path/Frameworks @loader_path/Frameworks";
				PRODUCT_NAME = "$(TARGET_NAME)";
				TEST_HOST = "$(BUILT_PRODUCTS_DIR)/PrintZigZag.app/PrintZigZag";
			};
			name = Debug;
		};
		D822739E1B4244BD002BB2AE /* Release */ = {
			isa = XCBuildConfiguration;
			buildSettings = {
				BUNDLE_LOADER = "$(TEST_HOST)";
				FRAMEWORK_SEARCH_PATHS = (
					"$(SDKROOT)/Developer/Library/Frameworks",
					"$(inherited)",
				);
				INFOPLIST_FILE = PrintZigZagTests/Info.plist;
				LD_RUNPATH_SEARCH_PATHS = "$(inherited) @executable_path/Frameworks @loader_path/Frameworks";
				PRODUCT_NAME = "$(TARGET_NAME)";
				TEST_HOST = "$(BUILT_PRODUCTS_DIR)/PrintZigZag.app/PrintZigZag";
			};
			name = Release;
		};
/* End XCBuildConfiguration section */

/* Begin XCConfigurationList section */
		D82273711B4244BC002BB2AE /* Build configuration list for PBXProject "PrintZigZag" */ = {
			isa = XCConfigurationList;
			buildConfigurations = (
				D82273971B4244BD002BB2AE /* Debug */,
				D82273981B4244BD002BB2AE /* Release */,
			);
			defaultConfigurationIsVisible = 0;
			defaultConfigurationName = Release;
		};
		D82273991B4244BD002BB2AE /* Build configuration list for PBXNativeTarget "PrintZigZag" */ = {
			isa = XCConfigurationList;
			buildConfigurations = (
				D822739A1B4244BD002BB2AE /* Debug */,
				D822739B1B4244BD002BB2AE /* Release */,
			);
			defaultConfigurationIsVisible = 0;
			defaultConfigurationName = Release;
		};
		D822739C1B4244BD002BB2AE /* Build configuration list for PBXNativeTarget "PrintZigZagTests" */ = {
			isa = XCConfigurationList;
			buildConfigurations = (
				D822739D1B4244BD002BB2AE /* Debug */,
				D822739E1B4244BD002BB2AE /* Release */,
			);
			defaultConfigurationIsVisible = 0;
			defaultConfigurationName = Release;
		};
/* End XCConfigurationList section */
	};
	rootObject = D822736E1B4244BC002BB2AE /* Project object */;
}
